
Microsoft Visual Studio Solution File, Format Version 12.00
# Visual Studio Version 16
VisualStudioVersion = 16.0.30523.141
MinimumVisualStudioVersion = 10.0.40219.1
Project("{FAE04EC0-301F-11D3-BF4B-00C04F79EFBC}") = "catsdogs", "catsdogs\catsdogs.csproj", "{4C9263D2-678A-4EE6-AB02-50964DDA4FAB}"
EndProject
Global
	GlobalSection(SolutionConfigurationPlatforms) = preSolution
		Debug|Any CPU = Debug|Any CPU
		Release|Any CPU = Release|Any CPU
	EndGlobalSection
	GlobalSection(ProjectConfigurationPlatforms) = postSolution
		{4C9263D2-678A-4EE6-AB02-50964DDA4FAB}.Debug|Any CPU.ActiveCfg = Debug|Any CPU
		{4C9263D2-678A-4EE6-AB02-50964DDA4FAB}.Debug|Any CPU.Build.0 = Debug|Any CPU
		{4C9263D2-678A-4EE6-AB02-50964DDA4FAB}.Release|Any CPU.ActiveCfg = Release|Any CPU
		{4C9263D2-678A-4EE6-AB02-50964DDA4FAB}.Release|Any CPU.Build.0 = Release|Any CPU
	EndGlobalSection
	GlobalSection(SolutionProperties) = preSolution
		HideSolutionNode = FALSE
	EndGlobalSection
	GlobalSection(ExtensibilityGlobals) = postSolution
		SolutionGuid = {320F4E99-BBDA-4D95-8AE4-2FADCAEFA004}
	EndGlobalSection
EndGlobal
